{
  "name": "com.dexgaku.app",
  "version": "1.0.0",
  "lockfileVersion": 3,
  "requires": true,
  "packages": {
    "": {
      "name": "com.dexgaku.app",
      "version": "1.0.0",
      "license": "Apache-2.0",
      "devDependencies": {
        "cordova-plugin-app-event": "^1.2.2",
        "cordova-plugin-background-mode": "github:katzer/cordova-plugin-background-mode"
      }
    },
    "node_modules/cordova-plugin-app-event": {
      "version": "1.2.2",
      "resolved": "https://registry.npmjs.org/cordova-plugin-app-event/-/cordova-plugin-app-event-1.2.2.tgz",
      "integrity": "sha512-Fkn8xNt09tcg8QCp2LHBaAHB81gZbyZdSdd+bzhVitpjTfc38nqSm2hanWfFlqxPAckaSRDbD8MI1Ev5NWxquQ==",
      "dev": true,
      "engines": [
        {
          "name": "cordova",
          "version": ">=3.6.0"
        }
      ],
      "license": "Apache-2.0"
    },
    "node_modules/cordova-plugin-background-mode": {
      "version": "0.7.3",
      "resolved": "git+ssh://git@github.com/katzer/cordova-plugin-background-mode.git#ef65179886c10775f5054de38e1b5d700ee19844",
      "dev": true,
      "engines": [
        {
          "name": "cordova",
          "version": ">=3.0.0"
        },
        {
          "name": "android-sdk",
          "version": ">=16"
        }
      ],
      "license": "Apache 2.0"
    }
  }
}
